
Microsoft Visual Studio Solution File, Format Version 12.00
# Visual Studio Version 17
VisualStudioVersion = 17.2.32519.379
MinimumVisualStudioVersion = 10.0.40219.1
Project("{8BC9CEB8-8B4A-11D0-8D11-00A0C91BC942}") = "Gallows", "Gallows\Gallows.vcxproj", "{B8240EAF-5C3C-4F29-8E0B-04765BF1D52E}"
EndProject
Global
	GlobalSection(SolutionConfigurationPlatforms) = preSolution
		Debug|x64 = Debug|x64
		Debug|x86 = Debug|x86
		Release|x64 = Release|x64
		Release|x86 = Release|x86
	EndGlobalSection
	GlobalSection(ProjectConfigurationPlatforms) = postSolution
		{B8240EAF-5C3C-4F29-8E0B-04765BF1D52E}.Debug|x64.ActiveCfg = Debug|x64
		{B8240EAF-5C3C-4F29-8E0B-04765BF1D52E}.Debug|x64.Build.0 = Debug|x64
		{B8240EAF-5C3C-4F29-8E0B-04765BF1D52E}.Debug|x86.ActiveCfg = Debug|Win32
		{B8240EAF-5C3C-4F29-8E0B-04765BF1D52E}.Debug|x86.Build.0 = Debug|Win32
		{B8240EAF-5C3C-4F29-8E0B-04765BF1D52E}.Release|x64.ActiveCfg = Release|x64
		{B8240EAF-5C3C-4F29-8E0B-04765BF1D52E}.Release|x64.Build.0 = Release|x64
		{B8240EAF-5C3C-4F29-8E0B-04765BF1D52E}.Release|x86.ActiveCfg = Release|Win32
		{B8240EAF-5C3C-4F29-8E0B-04765BF1D52E}.Release|x86.Build.0 = Release|Win32
	EndGlobalSection
	GlobalSection(SolutionProperties) = preSolution
		HideSolutionNode = FALSE
	EndGlobalSection
	GlobalSection(ExtensibilityGlobals) = postSolution
		SolutionGuid = {0B1BE4D7-F48C-45D8-8C9D-7D1E3F7B1C3D}
	EndGlobalSection
EndGlobal
